
Microsoft Visual Studio Solution File, Format Version 12.00
# Visual Studio Version 16
VisualStudioVersion = 16.0.31911.196
MinimumVisualStudioVersion = 10.0.40219.1
Project("{FAE04EC0-301F-11D3-BF4B-00C04F79EFBC}") = "GraphiPloux", "GraphiPloux\GraphiPloux.csproj", "{AE915DFC-54B6-43A1-A0D5-99AFD6BFF511}"
EndProject
Global
	GlobalSection(SolutionConfigurationPlatforms) = preSolution
		Debug|Any CPU = Debug|Any CPU
		Release|Any CPU = Release|Any CPU
	EndGlobalSection
	GlobalSection(ProjectConfigurationPlatforms) = postSolution
		{AE915DFC-54B6-43A1-A0D5-99AFD6BFF511}.Debug|Any CPU.ActiveCfg = Debug|Any CPU
		{AE915DFC-54B6-43A1-A0D5-99AFD6BFF511}.Debug|Any CPU.Build.0 = Debug|Any CPU
		{AE915DFC-54B6-43A1-A0D5-99AFD6BFF511}.Release|Any CPU.ActiveCfg = Release|Any CPU
		{AE915DFC-54B6-43A1-A0D5-99AFD6BFF511}.Release|Any CPU.Build.0 = Release|Any CPU
	EndGlobalSection
	GlobalSection(SolutionProperties) = preSolution
		HideSolutionNode = FALSE
	EndGlobalSection
	GlobalSection(ExtensibilityGlobals) = postSolution
		SolutionGuid = {86A245B5-C9D4-4393-838D-68C537AA447A}
	EndGlobalSection
EndGlobal
